
Microsoft Visual Studio Solution File, Format Version 12.00
# Visual Studio Version 17
VisualStudioVersion = 17.8.34330.188
MinimumVisualStudioVersion = 10.0.40219.1
Project("{FAE04EC0-301F-11D3-BF4B-00C04F79EFBC}") = "PublisherService", "PublisherService\PublisherService.csproj", "{4F5A1A7B-78BC-4A90-A259-BDC34DE8EB56}"
EndProject
Global
	GlobalSection(SolutionConfigurationPlatforms) = preSolution
		Debug|Any CPU = Debug|Any CPU
		Release|Any CPU = Release|Any CPU
	EndGlobalSection
	GlobalSection(ProjectConfigurationPlatforms) = postSolution
		{4F5A1A7B-78BC-4A90-A259-BDC34DE8EB56}.Debug|Any CPU.ActiveCfg = Debug|Any CPU
		{4F5A1A7B-78BC-4A90-A259-BDC34DE8EB56}.Debug|Any CPU.Build.0 = Debug|Any CPU
		{4F5A1A7B-78BC-4A90-A259-BDC34DE8EB56}.Release|Any CPU.ActiveCfg = Release|Any CPU
		{4F5A1A7B-78BC-4A90-A259-BDC34DE8EB56}.Release|Any CPU.Build.0 = Release|Any CPU
	EndGlobalSection
	GlobalSection(SolutionProperties) = preSolution
		HideSolutionNode = FALSE
	EndGlobalSection
	GlobalSection(ExtensibilityGlobals) = postSolution
		SolutionGuid = {B60675DB-D1C7-41BF-B146-9ADB04B345EF}
	EndGlobalSection
EndGlobal
